// !$*UTF8*$!
{
	archiveVersion = 1;
	classes = {
	};
	objectVersion = 46;
	objects = {

/* Begin PBXBuildFile section */
		63F802E03AA2D633219E4C00 /* Pods_MyRedTask.framework in Frameworks */ = {isa = PBXBuildFile; fileRef = 3932CCA75F023DBB1AF2E87A /* Pods_MyRedTask.framework */; };
		6B1658AD1F53C80600B5EE0C /* OCTool.m in Sources */ = {isa = PBXBuildFile; fileRef = 6B1658AC1F53C80600B5EE0C /* OCTool.m */; };
		6B1658B31F53EF3D00B5EE0C /* RewardInfo.m in Sources */ = {isa = PBXBuildFile; fileRef = 6B1658B01F53EF3D00B5EE0C /* RewardInfo.m */; };
		6B1658B41F53EF3D00B5EE0C /* UIViewController+RedPacket.m in Sources */ = {isa = PBXBuildFile; fileRef = 6B1658B21F53EF3D00B5EE0C /* UIViewController+RedPacket.m */; };
		6B1658BB1F54065C00B5EE0C /* MyAccountViewController.swift in Sources */ = {isa = PBXBuildFile; fileRef = 6B1658B91F54065C00B5EE0C /* MyAccountViewController.swift */; };
		6B1658BC1F54065C00B5EE0C /* MyAccountViewController.xib in Resources */ = {isa = PBXBuildFile; fileRef = 6B1658BA1F54065C00B5EE0C /* MyAccountViewController.xib */; };
		6B1658BF1F5409C400B5EE0C /* SettingMyAccountViewController.swift in Sources */ = {isa = PBXBuildFile; fileRef = 6B1658BD1F5409C400B5EE0C /* SettingMyAccountViewController.swift */; };
		6B1658C01F5409C400B5EE0C /* SettingMyAccountViewController.xib in Resources */ = {isa = PBXBuildFile; fileRef = 6B1658BE1F5409C400B5EE0C /* SettingMyAccountViewController.xib */; };
		6B2BF08E1F4EDB18008AE662 /* ALiProgressHUD.m in Sources */ = {isa = PBXBuildFile; fileRef = 6B2BF0861F4EDB18008AE662 /* ALiProgressHUD.m */; };
		6B2BF08F1F4EDB18008AE662 /* HUD_error@2x.png in Resources */ = {isa = PBXBuildFile; fileRef = 6B2BF0881F4EDB18008AE662 /* HUD_error@2x.png */; };
		6B2BF0901F4EDB18008AE662 /* HUD_error@3x.png in Resources */ = {isa = PBXBuildFile; fileRef = 6B2BF0891F4EDB18008AE662 /* HUD_error@3x.png */; };
		6B2BF0911F4EDB18008AE662 /* HUD_info@2x.png in Resources */ = {isa = PBXBuildFile; fileRef = 6B2BF08A1F4EDB18008AE662 /* HUD_info@2x.png */; };
		6B2BF0921F4EDB18008AE662 /* HUD_info@3x.png in Resources */ = {isa = PBXBuildFile; fileRef = 6B2BF08B1F4EDB18008AE662 /* HUD_info@3x.png */; };
		6B2BF0931F4EDB18008AE662 /* HUD_success@2x.png in Resources */ = {isa = PBXBuildFile; fileRef = 6B2BF08C1F4EDB18008AE662 /* HUD_success@2x.png */; };
		6B2BF0941F4EDB18008AE662 /* HUD_success@3x.png in Resources */ = {isa = PBXBuildFile; fileRef = 6B2BF08D1F4EDB18008AE662 /* HUD_success@3x.png */; };
		6B2BF0981F4EDBF9008AE662 /* NSObject+ALiHUD.m in Sources */ = {isa = PBXBuildFile; fileRef = 6B2BF0971F4EDBF9008AE662 /* NSObject+ALiHUD.m */; };
		6B7DFF7D1F4D1801002CA103 /* AppDelegate.swift in Sources */ = {isa = PBXBuildFile; fileRef = 6B7DFF7C1F4D1801002CA103 /* AppDelegate.swift */; };
		6B7DFF7F1F4D1801002CA103 /* ViewController.swift in Sources */ = {isa = PBXBuildFile; fileRef = 6B7DFF7E1F4D1801002CA103 /* ViewController.swift */; };
		6B7DFF841F4D1801002CA103 /* Assets.xcassets in Resources */ = {isa = PBXBuildFile; fileRef = 6B7DFF831F4D1801002CA103 /* Assets.xcassets */; };
		6B7DFF871F4D1801002CA103 /* LaunchScreen.storyboard in Resources */ = {isa = PBXBuildFile; fileRef = 6B7DFF851F4D1801002CA103 /* LaunchScreen.storyboard */; };
		6B7DFF921F4D1801002CA103 /* MyRedTaskUITests.swift in Sources */ = {isa = PBXBuildFile; fileRef = 6B7DFF911F4D1801002CA103 /* MyRedTaskUITests.swift */; };
		6B8E67F81F4FBE8600187DBF /* button_retry_down.png in Resources */ = {isa = PBXBuildFile; fileRef = 6B8E67E61F4FBE8600187DBF /* button_retry_down.png */; };
		6B8E67F91F4FBE8600187DBF /* button_retry_up.png in Resources */ = {isa = PBXBuildFile; fileRef = 6B8E67E71F4FBE8600187DBF /* button_retry_up.png */; };
		6B8E67FA1F4FBE8600187DBF /* human1.png in Resources */ = {isa = PBXBuildFile; fileRef = 6B8E67E81F4FBE8600187DBF /* human1.png */; };
		6B8E67FB1F4FBE8600187DBF /* human2.png in Resources */ = {isa = PBXBuildFile; fileRef = 6B8E67E91F4FBE8600187DBF /* human2.png */; };
		6B8E67FC1F4FBE8600187DBF /* stick_background.jpg in Resources */ = {isa = PBXBuildFile; fileRef = 6B8E67EA1F4FBE8600187DBF /* stick_background.jpg */; };
		6B8E67FD1F4FBE8600187DBF /* Main.storyboard in Resources */ = {isa = PBXBuildFile; fileRef = 6B8E67EB1F4FBE8600187DBF /* Main.storyboard */; };
		6B8E67FE1F4FBE8600187DBF /* StarExplosion.sks in Resources */ = {isa = PBXBuildFile; fileRef = 6B8E67ED1F4FBE8600187DBF /* StarExplosion.sks */; };
		6B8E67FF1F4FBE8600187DBF /* starParticle.png in Resources */ = {isa = PBXBuildFile; fileRef = 6B8E67EE1F4FBE8600187DBF /* starParticle.png */; };
		6B8E68001F4FBE8600187DBF /* bg_country.mp3 in Resources */ = {isa = PBXBuildFile; fileRef = 6B8E67F01F4FBE8600187DBF /* bg_country.mp3 */; };
		6B8E68011F4FBE8600187DBF /* dead.wav in Resources */ = {isa = PBXBuildFile; fileRef = 6B8E67F11F4FBE8600187DBF /* dead.wav */; };
		6B8E68021F4FBE8600187DBF /* fall.wav in Resources */ = {isa = PBXBuildFile; fileRef = 6B8E67F21F4FBE8600187DBF /* fall.wav */; };
		6B8E68031F4FBE8600187DBF /* highScore.wav in Resources */ = {isa = PBXBuildFile; fileRef = 6B8E67F31F4FBE8600187DBF /* highScore.wav */; };
		6B8E68041F4FBE8600187DBF /* kick.wav in Resources */ = {isa = PBXBuildFile; fileRef = 6B8E67F41F4FBE8600187DBF /* kick.wav */; };
		6B8E68051F4FBE8600187DBF /* stick_grow_loop.wav in Resources */ = {isa = PBXBuildFile; fileRef = 6B8E67F51F4FBE8600187DBF /* stick_grow_loop.wav */; };
		6B8E68061F4FBE8600187DBF /* touch_mid.wav in Resources */ = {isa = PBXBuildFile; fileRef = 6B8E67F61F4FBE8600187DBF /* touch_mid.wav */; };
		6B8E68071F4FBE8600187DBF /* victory.wav in Resources */ = {isa = PBXBuildFile; fileRef = 6B8E67F71F4FBE8600187DBF /* victory.wav */; };
		6B8E680C1F4FBE9700187DBF /* Defined.swift in Sources */ = {isa = PBXBuildFile; fileRef = 6B8E68081F4FBE9700187DBF /* Defined.swift */; };
		6B8E680D1F4FBE9700187DBF /* GameViewController.swift in Sources */ = {isa = PBXBuildFile; fileRef = 6B8E68091F4FBE9700187DBF /* GameViewController.swift */; };
		6B8E680E1F4FBE9700187DBF /* StickHeroGameScene.swift in Sources */ = {isa = PBXBuildFile; fileRef = 6B8E680A1F4FBE9700187DBF /* StickHeroGameScene.swift */; };
		6B8E680F1F4FBE9700187DBF /* Tools.swift in Sources */ = {isa = PBXBuildFile; fileRef = 6B8E680B1F4FBE9700187DBF /* Tools.swift */; };
		6B8E68141F5014F200187DBF /* TakeMoneyViewController.swift in Sources */ = {isa = PBXBuildFile; fileRef = 6B8E68121F5014F200187DBF /* TakeMoneyViewController.swift */; };
		6B8E68151F5014F200187DBF /* TakeMoneyViewController.xib in Resources */ = {isa = PBXBuildFile; fileRef = 6B8E68131F5014F200187DBF /* TakeMoneyViewController.xib */; };
		6B8E681A1F50167000187DBF /* MyMoneyViewController.swift in Sources */ = {isa = PBXBuildFile; fileRef = 6B8E68181F50167000187DBF /* MyMoneyViewController.swift */; };
		6B8E681B1F50167000187DBF /* MyMoneyViewController.xib in Resources */ = {isa = PBXBuildFile; fileRef = 6B8E68191F50167000187DBF /* MyMoneyViewController.xib */; };
		6B8E68241F50244700187DBF /* MyMoneyTableViewCell.swift in Sources */ = {isa = PBXBuildFile; fileRef = 6B8E68221F50244700187DBF /* MyMoneyTableViewCell.swift */; };
		6B8E68251F50244700187DBF /* MyMoneyTableViewCell.xib in Resources */ = {isa = PBXBuildFile; fileRef = 6B8E68231F50244700187DBF /* MyMoneyTableViewCell.xib */; };
		6B8E68271F50251800187DBF /* MoneyModel.swift in Sources */ = {isa = PBXBuildFile; fileRef = 6B8E68261F50251800187DBF /* MoneyModel.swift */; };
		6B8E68291F5026C300187DBF /* Aplication.swift in Sources */ = {isa = PBXBuildFile; fileRef = 6B8E68281F5026C300187DBF /* Aplication.swift */; };
		6BA510791F4D1F320054ECA6 /* IMG_0504.JPG in Resources */ = {isa = PBXBuildFile; fileRef = 6BA510781F4D1F320054ECA6 /* IMG_0504.JPG */; };
		6BA510801F4D23F70054ECA6 /* FirstViewController.swift in Sources */ = {isa = PBXBuildFile; fileRef = 6BA5107E1F4D23F70054ECA6 /* FirstViewController.swift */; };
		6BA510811F4D23F70054ECA6 /* FirstViewController.xib in Resources */ = {isa = PBXBuildFile; fileRef = 6BA5107F1F4D23F70054ECA6 /* FirstViewController.xib */; };
/* End PBXBuildFile section */

/* Begin PBXContainerItemProxy section */
		6B7DFF8E1F4D1801002CA103 /* PBXContainerItemProxy */ = {
			isa = PBXContainerItemProxy;
			containerPortal = 6B7DFF711F4D1801002CA103 /* Project object */;
			proxyType = 1;
			remoteGlobalIDString = 6B7DFF781F4D1801002CA103;
			remoteInfo = MyRedTask;
		};
/* End PBXContainerItemProxy section */

/* Begin PBXFileReference section */
		3932CCA75F023DBB1AF2E87A /* Pods_MyRedTask.framework */ = {isa = PBXFileReference; explicitFileType = wrapper.framework; includeInIndex = 0; path = Pods_MyRedTask.framework; sourceTree = BUILT_PRODUCTS_DIR; };
		6B1658AB1F53C80600B5EE0C /* OCTool.h */ = {isa = PBXFileReference; fileEncoding = 4; lastKnownFileType = sourcecode.c.h; path = OCTool.h; sourceTree = "<group>"; };
		6B1658AC1F53C80600B5EE0C /* OCTool.m */ = {isa = PBXFileReference; fileEncoding = 4; lastKnownFileType = sourcecode.c.objc; path = OCTool.m; sourceTree = "<group>"; };
		6B1658AF1F53EF3D00B5EE0C /* RewardInfo.h */ = {isa = PBXFileReference; fileEncoding = 4; lastKnownFileType = sourcecode.c.h; path = RewardInfo.h; sourceTree = "<group>"; };
		6B1658B01F53EF3D00B5EE0C /* RewardInfo.m */ = {isa = PBXFileReference; fileEncoding = 4; lastKnownFileType = sourcecode.c.objc; path = RewardInfo.m; sourceTree = "<group>"; };
		6B1658B11F53EF3D00B5EE0C /* UIViewController+RedPacket.h */ = {isa = PBXFileReference; fileEncoding = 4; lastKnownFileType = sourcecode.c.h; path = "UIViewController+RedPacket.h"; sourceTree = "<group>"; };
		6B1658B21F53EF3D00B5EE0C /* UIViewController+RedPacket.m */ = {isa = PBXFileReference; fileEncoding = 4; lastKnownFileType = sourcecode.c.objc; path = "UIViewController+RedPacket.m"; sourceTree = "<group>"; };
		6B1658B91F54065C00B5EE0C /* MyAccountViewController.swift */ = {isa = PBXFileReference; fileEncoding = 4; lastKnownFileType = sourcecode.swift; path = MyAccountViewController.swift; sourceTree = "<group>"; };
		6B1658BA1F54065C00B5EE0C /* MyAccountViewController.xib */ = {isa = PBXFileReference; fileEncoding = 4; lastKnownFileType = file.xib; path = MyAccountViewController.xib; sourceTree = "<group>"; };
		6B1658BD1F5409C400B5EE0C /* SettingMyAccountViewController.swift */ = {isa = PBXFileReference; fileEncoding = 4; lastKnownFileType = sourcecode.swift; path = SettingMyAccountViewController.swift; sourceTree = "<group>"; };
		6B1658BE1F5409C400B5EE0C /* SettingMyAccountViewController.xib */ = {isa = PBXFileReference; fileEncoding = 4; lastKnownFileType = file.xib; path = SettingMyAccountViewController.xib; sourceTree = "<group>"; };
		6B2BF0851F4EDB18008AE662 /* ALiProgressHUD.h */ = {isa = PBXFileReference; fileEncoding = 4; lastKnownFileType = sourcecode.c.h; path = ALiProgressHUD.h; sourceTree = "<group>"; };
		6B2BF0861F4EDB18008AE662 /* ALiProgressHUD.m */ = {isa = PBXFileReference; fileEncoding = 4; lastKnownFileType = sourcecode.c.objc; path = ALiProgressHUD.m; sourceTree = "<group>"; };
		6B2BF0881F4EDB18008AE662 /* HUD_error@2x.png */ = {isa = PBXFileReference; lastKnownFileType = image.png; path = "HUD_error@2x.png"; sourceTree = "<group>"; };
		6B2BF0891F4EDB18008AE662 /* HUD_error@3x.png */ = {isa = PBXFileReference; lastKnownFileType = image.png; path = "HUD_error@3x.png"; sourceTree = "<group>"; };
		6B2BF08A1F4EDB18008AE662 /* HUD_info@2x.png */ = {isa = PBXFileReference; lastKnownFileType = image.png; path = "HUD_info@2x.png"; sourceTree = "<group>"; };
		6B2BF08B1F4EDB18008AE662 /* HUD_info@3x.png */ = {isa = PBXFileReference; lastKnownFileType = image.png; path = "HUD_info@3x.png"; sourceTree = "<group>"; };
		6B2BF08C1F4EDB18008AE662 /* HUD_success@2x.png */ = {isa = PBXFileReference; lastKnownFileType = image.png; path = "HUD_success@2x.png"; sourceTree = "<group>"; };
		6B2BF08D1F4EDB18008AE662 /* HUD_success@3x.png */ = {isa = PBXFileReference; lastKnownFileType = image.png; path = "HUD_success@3x.png"; sourceTree = "<group>"; };
		6B2BF0951F4EDB67008AE662 /* Header.h */ = {isa = PBXFileReference; lastKnownFileType = sourcecode.c.h; name = Header.h; path = ../Header.h; sourceTree = "<group>"; };
		6B2BF0961F4EDBF9008AE662 /* NSObject+ALiHUD.h */ = {isa = PBXFileReference; fileEncoding = 4; lastKnownFileType = sourcecode.c.h; path = "NSObject+ALiHUD.h"; sourceTree = "<group>"; };
		6B2BF0971F4EDBF9008AE662 /* NSObject+ALiHUD.m */ = {isa = PBXFileReference; fileEncoding = 4; lastKnownFileType = sourcecode.c.objc; path = "NSObject+ALiHUD.m"; sourceTree = "<group>"; };
		6B7DFF791F4D1801002CA103 /* MyRedTask.app */ = {isa = PBXFileReference; explicitFileType = wrapper.application; includeInIndex = 0; path = MyRedTask.app; sourceTree = BUILT_PRODUCTS_DIR; };
		6B7DFF7C1F4D1801002CA103 /* AppDelegate.swift */ = {isa = PBXFileReference; lastKnownFileType = sourcecode.swift; path = AppDelegate.swift; sourceTree = "<group>"; };
		6B7DFF7E1F4D1801002CA103 /* ViewController.swift */ = {isa = PBXFileReference; lastKnownFileType = sourcecode.swift; path = ViewController.swift; sourceTree = "<group>"; };
		6B7DFF831F4D1801002CA103 /* Assets.xcassets */ = {isa = PBXFileReference; lastKnownFileType = folder.assetcatalog; path = Assets.xcassets; sourceTree = "<group>"; };
		6B7DFF861F4D1801002CA103 /* Base */ = {isa = PBXFileReference; lastKnownFileType = file.storyboard; name = Base; path = Base.lproj/LaunchScreen.storyboard; sourceTree = "<group>"; };
		6B7DFF881F4D1801002CA103 /* Info.plist */ = {isa = PBXFileReference; lastKnownFileType = text.plist.xml; path = Info.plist; sourceTree = "<group>"; };
		6B7DFF8D1F4D1801002CA103 /* MyRedTaskUITests.xctest */ = {isa = PBXFileReference; explicitFileType = wrapper.cfbundle; includeInIndex = 0; path = MyRedTaskUITests.xctest; sourceTree = BUILT_PRODUCTS_DIR; };
		6B7DFF911F4D1801002CA103 /* MyRedTaskUITests.swift */ = {isa = PBXFileReference; lastKnownFileType = sourcecode.swift; path = MyRedTaskUITests.swift; sourceTree = "<group>"; };
		6B7DFF931F4D1801002CA103 /* Info.plist */ = {isa = PBXFileReference; lastKnownFileType = text.plist.xml; path = Info.plist; sourceTree = "<group>"; };
		6B8E67E61F4FBE8600187DBF /* button_retry_down.png */ = {isa = PBXFileReference; lastKnownFileType = image.png; path = button_retry_down.png; sourceTree = "<group>"; };
		6B8E67E71F4FBE8600187DBF /* button_retry_up.png */ = {isa = PBXFileReference; lastKnownFileType = image.png; path = button_retry_up.png; sourceTree = "<group>"; };
		6B8E67E81F4FBE8600187DBF /* human1.png */ = {isa = PBXFileReference; lastKnownFileType = image.png; path = human1.png; sourceTree = "<group>"; };
		6B8E67E91F4FBE8600187DBF /* human2.png */ = {isa = PBXFileReference; lastKnownFileType = image.png; path = human2.png; sourceTree = "<group>"; };
		6B8E67EA1F4FBE8600187DBF /* stick_background.jpg */ = {isa = PBXFileReference; lastKnownFileType = image.jpeg; path = stick_background.jpg; sourceTree = "<group>"; };
		6B8E67EB1F4FBE8600187DBF /* Main.storyboard */ = {isa = PBXFileReference; fileEncoding = 4; lastKnownFileType = file.storyboard; path = Main.storyboard; sourceTree = "<group>"; };
		6B8E67ED1F4FBE8600187DBF /* StarExplosion.sks */ = {isa = PBXFileReference; lastKnownFileType = file.sks; path = StarExplosion.sks; sourceTree = "<group>"; };
		6B8E67EE1F4FBE8600187DBF /* starParticle.png */ = {isa = PBXFileReference; lastKnownFileType = image.png; path = starParticle.png; sourceTree = "<group>"; };
		6B8E67F01F4FBE8600187DBF /* bg_country.mp3 */ = {isa = PBXFileReference; lastKnownFileType = audio.mp3; path = bg_country.mp3; sourceTree = "<group>"; };
		6B8E67F11F4FBE8600187DBF /* dead.wav */ = {isa = PBXFileReference; lastKnownFileType = audio.wav; path = dead.wav; sourceTree = "<group>"; };
		6B8E67F21F4FBE8600187DBF /* fall.wav */ = {isa = PBXFileReference; lastKnownFileType = audio.wav; path = fall.wav; sourceTree = "<group>"; };
		6B8E67F31F4FBE8600187DBF /* highScore.wav */ = {isa = PBXFileReference; lastKnownFileType = audio.wav; path = highScore.wav; sourceTree = "<group>"; };
		6B8E67F41F4FBE8600187DBF /* kick.wav */ = {isa = PBXFileReference; lastKnownFileType = audio.wav; path = kick.wav; sourceTree = "<group>"; };
		6B8E67F51F4FBE8600187DBF /* stick_grow_loop.wav */ = {isa = PBXFileReference; lastKnownFileType = audio.wav; path = stick_grow_loop.wav; sourceTree = "<group>"; };
		6B8E67F61F4FBE8600187DBF /* touch_mid.wav */ = {isa = PBXFileReference; lastKnownFileType = audio.wav; path = touch_mid.wav; sourceTree = "<group>"; };
		6B8E67F71F4FBE8600187DBF /* victory.wav */ = {isa = PBXFileReference; lastKnownFileType = audio.wav; path = victory.wav; sourceTree = "<group>"; };
		6B8E68081F4FBE9700187DBF /* Defined.swift */ = {isa = PBXFileReference; fileEncoding = 4; lastKnownFileType = sourcecode.swift; path = Defined.swift; sourceTree = "<group>"; };
		6B8E68091F4FBE9700187DBF /* GameViewController.swift */ = {isa = PBXFileReference; fileEncoding = 4; lastKnownFileType = sourcecode.swift; path = GameViewController.swift; sourceTree = "<group>"; };
		6B8E680A1F4FBE9700187DBF /* StickHeroGameScene.swift */ = {isa = PBXFileReference; fileEncoding = 4; lastKnownFileType = sourcecode.swift; path = StickHeroGameScene.swift; sourceTree = "<group>"; };
		6B8E680B1F4FBE9700187DBF /* Tools.swift */ = {isa = PBXFileReference; fileEncoding = 4; lastKnownFileType = sourcecode.swift; path = Tools.swift; sourceTree = "<group>"; };
		6B8E68121F5014F200187DBF /* TakeMoneyViewController.swift */ = {isa = PBXFileReference; fileEncoding = 4; lastKnownFileType = sourcecode.swift; path = TakeMoneyViewController.swift; sourceTree = "<group>"; };
		6B8E68131F5014F200187DBF /* TakeMoneyViewController.xib */ = {isa = PBXFileReference; fileEncoding = 4; lastKnownFileType = file.xib; path = TakeMoneyViewController.xib; sourceTree = "<group>"; };
		6B8E68181F50167000187DBF /* MyMoneyViewController.swift */ = {isa = PBXFileReference; fileEncoding = 4; lastKnownFileType = sourcecode.swift; path = MyMoneyViewController.swift; sourceTree = "<group>"; };
		6B8E68191F50167000187DBF /* MyMoneyViewController.xib */ = {isa = PBXFileReference; fileEncoding = 4; lastKnownFileType = file.xib; path = MyMoneyViewController.xib; sourceTree = "<group>"; };
		6B8E68221F50244700187DBF /* MyMoneyTableViewCell.swift */ = {isa = PBXFileReference; fileEncoding = 4; lastKnownFileType = sourcecode.swift; path = MyMoneyTableViewCell.swift; sourceTree = "<group>"; };
		6B8E68231F50244700187DBF /* MyMoneyTableViewCell.xib */ = {isa = PBXFileReference; fileEncoding = 4; lastKnownFileType = file.xib; path = MyMoneyTableViewCell.xib; sourceTree = "<group>"; };
		6B8E68261F50251800187DBF /* MoneyModel.swift */ = {isa = PBXFileReference; fileEncoding = 4; lastKnownFileType = sourcecode.swift; path = MoneyModel.swift; sourceTree = "<group>"; };
		6B8E68281F5026C300187DBF /* Aplication.swift */ = {isa = PBXFileReference; fileEncoding = 4; lastKnownFileType = sourcecode.swift; path = Aplication.swift; sourceTree = "<group>"; };
		6BA510781F4D1F320054ECA6 /* IMG_0504.JPG */ = {isa = PBXFileReference; lastKnownFileType = image.jpeg; path = IMG_0504.JPG; sourceTree = "<group>"; };
		6BA5107E1F4D23F70054ECA6 /* FirstViewController.swift */ = {isa = PBXFileReference; fileEncoding = 4; lastKnownFileType = sourcecode.swift; path = FirstViewController.swift; sourceTree = "<group>"; };
		6BA5107F1F4D23F70054ECA6 /* FirstViewController.xib */ = {isa = PBXFileReference; fileEncoding = 4; lastKnownFileType = file.xib; path = FirstViewController.xib; sourceTree = "<group>"; };
		BA2424C3D4D656E2442B97F5 /* Pods-MyRedTask.release.xcconfig */ = {isa = PBXFileReference; includeInIndex = 1; lastKnownFileType = text.xcconfig; name = "Pods-MyRedTask.release.xcconfig"; path = "Pods/Target Support Files/Pods-MyRedTask/Pods-MyRedTask.release.xcconfig"; sourceTree = "<group>"; };
		E261B0459EC10852609BDAA1 /* Pods-MyRedTask.debug.xcconfig */ = {isa = PBXFileReference; includeInIndex = 1; lastKnownFileType = text.xcconfig; name = "Pods-MyRedTask.debug.xcconfig"; path = "Pods/Target Support Files/Pods-MyRedTask/Pods-MyRedTask.debug.xcconfig"; sourceTree = "<group>"; };
/* End PBXFileReference section */

/* Begin PBXFrameworksBuildPhase section */
		6B7DFF761F4D1801002CA103 /* Frameworks */ = {
			isa = PBXFrameworksBuildPhase;
			buildActionMask = 2147483647;
			files = (
				63F802E03AA2D633219E4C00 /* Pods_MyRedTask.framework in Frameworks */,
			);
			runOnlyForDeploymentPostprocessing = 0;
		};
		6B7DFF8A1F4D1801002CA103 /* Frameworks */ = {
			isa = PBXFrameworksBuildPhase;
			buildActionMask = 2147483647;
			files = (
			);
			runOnlyForDeploymentPostprocessing = 0;
		};
/* End PBXFrameworksBuildPhase section */

/* Begin PBXGroup section */
		6B1658AE1F53EF3D00B5EE0C /* RedPacket */ = {
			isa = PBXGroup;
			children = (
				6B1658AF1F53EF3D00B5EE0C /* RewardInfo.h */,
				6B1658B01F53EF3D00B5EE0C /* RewardInfo.m */,
				6B1658B11F53EF3D00B5EE0C /* UIViewController+RedPacket.h */,
				6B1658B21F53EF3D00B5EE0C /* UIViewController+RedPacket.m */,
			);
			path = RedPacket;
			sourceTree = "<group>";
		};
		6B2BF0841F4EDB18008AE662 /* ALiHUD */ = {
			isa = PBXGroup;
			children = (
				6B2BF0961F4EDBF9008AE662 /* NSObject+ALiHUD.h */,
				6B2BF0971F4EDBF9008AE662 /* NSObject+ALiHUD.m */,
				6B2BF0851F4EDB18008AE662 /* ALiProgressHUD.h */,
				6B2BF0861F4EDB18008AE662 /* ALiProgressHUD.m */,
				6B2BF0871F4EDB18008AE662 /* images */,
			);
			path = ALiHUD;
			sourceTree = "<group>";
		};
		6B2BF0871F4EDB18008AE662 /* images */ = {
			isa = PBXGroup;
			children = (
				6B2BF0881F4EDB18008AE662 /* HUD_error@2x.png */,
				6B2BF0891F4EDB18008AE662 /* HUD_error@3x.png */,
				6B2BF08A1F4EDB18008AE662 /* HUD_info@2x.png */,
				6B2BF08B1F4EDB18008AE662 /* HUD_info@3x.png */,
				6B2BF08C1F4EDB18008AE662 /* HUD_success@2x.png */,
				6B2BF08D1F4EDB18008AE662 /* HUD_success@3x.png */,
			);
			path = images;
			sourceTree = "<group>";
		};
		6B7DFF701F4D1801002CA103 = {
			isa = PBXGroup;
			children = (
				6B7DFF7B1F4D1801002CA103 /* MyRedTask */,
				6B7DFF901F4D1801002CA103 /* MyRedTaskUITests */,
				6B7DFF7A1F4D1801002CA103 /* Products */,
				F92ED5A0C61DE086503DDD34 /* Pods */,
				80DD483FF9C2483A5333F5F7 /* Frameworks */,
			);
			sourceTree = "<group>";
		};
		6B7DFF7A1F4D1801002CA103 /* Products */ = {
			isa = PBXGroup;
			children = (
				6B7DFF791F4D1801002CA103 /* MyRedTask.app */,
				6B7DFF8D1F4D1801002CA103 /* MyRedTaskUITests.xctest */,
			);
			name = Products;
			sourceTree = "<group>";
		};
		6B7DFF7B1F4D1801002CA103 /* MyRedTask */ = {
			isa = PBXGroup;
			children = (
				6B1658AE1F53EF3D00B5EE0C /* RedPacket */,
				6B8E67E41F4FBE8600187DBF /* Assets */,
				6B2BF0841F4EDB18008AE662 /* ALiHUD */,
				6B7DFF7C1F4D1801002CA103 /* AppDelegate.swift */,
				6B8E68281F5026C300187DBF /* Aplication.swift */,
				6B7DFF7E1F4D1801002CA103 /* ViewController.swift */,
				6BA5107E1F4D23F70054ECA6 /* FirstViewController.swift */,
				6BA5107F1F4D23F70054ECA6 /* FirstViewController.xib */,
				6B8E68121F5014F200187DBF /* TakeMoneyViewController.swift */,
				6B8E68131F5014F200187DBF /* TakeMoneyViewController.xib */,
				6B8E68181F50167000187DBF /* MyMoneyViewController.swift */,
				6B8E68191F50167000187DBF /* MyMoneyViewController.xib */,
				6B8E68221F50244700187DBF /* MyMoneyTableViewCell.swift */,
				6B8E68231F50244700187DBF /* MyMoneyTableViewCell.xib */,
				6B8E68261F50251800187DBF /* MoneyModel.swift */,
				6B1658B91F54065C00B5EE0C /* MyAccountViewController.swift */,
				6B1658BA1F54065C00B5EE0C /* MyAccountViewController.xib */,
				6B1658BD1F5409C400B5EE0C /* SettingMyAccountViewController.swift */,
				6B1658BE1F5409C400B5EE0C /* SettingMyAccountViewController.xib */,
				6B2BF0951F4EDB67008AE662 /* Header.h */,
				6B8E68081F4FBE9700187DBF /* Defined.swift */,
				6B8E68091F4FBE9700187DBF /* GameViewController.swift */,
				6B8E680A1F4FBE9700187DBF /* StickHeroGameScene.swift */,
				6B8E680B1F4FBE9700187DBF /* Tools.swift */,
				6B1658AB1F53C80600B5EE0C /* OCTool.h */,
				6B1658AC1F53C80600B5EE0C /* OCTool.m */,
				6BA510781F4D1F320054ECA6 /* IMG_0504.JPG */,
				6B7DFF831F4D1801002CA103 /* Assets.xcassets */,
				6B7DFF851F4D1801002CA103 /* LaunchScreen.storyboard */,
				6B7DFF881F4D1801002CA103 /* Info.plist */,
			);
			path = MyRedTask;
			sourceTree = "<group>";
		};
		6B7DFF901F4D1801002CA103 /* MyRedTaskUITests */ = {
			isa = PBXGroup;
			children = (
				6B7DFF911F4D1801002CA103 /* MyRedTaskUITests.swift */,
				6B7DFF931F4D1801002CA103 /* Info.plist */,
			);
			path = MyRedTaskUITests;
			sourceTree = "<group>";
		};
		6B8E67E41F4FBE8600187DBF /* Assets */ = {
			isa = PBXGroup;
			children = (
				6B8E67E51F4FBE8600187DBF /* Images */,
				6B8E67EB1F4FBE8600187DBF /* Main.storyboard */,
				6B8E67EC1F4FBE8600187DBF /* Sks */,
				6B8E67EF1F4FBE8600187DBF /* Sound */,
			);
			path = Assets;
			sourceTree = "<group>";
		};
		6B8E67E51F4FBE8600187DBF /* Images */ = {
			isa = PBXGroup;
			children = (
				6B8E67E61F4FBE8600187DBF /* button_retry_down.png */,
				6B8E67E71F4FBE8600187DBF /* button_retry_up.png */,
				6B8E67E81F4FBE8600187DBF /* human1.png */,
				6B8E67E91F4FBE8600187DBF /* human2.png */,
				6B8E67EA1F4FBE8600187DBF /* stick_background.jpg */,
			);
			path = Images;
			sourceTree = "<group>";
		};
		6B8E67EC1F4FBE8600187DBF /* Sks */ = {
			isa = PBXGroup;
			children = (
				6B8E67ED1F4FBE8600187DBF /* StarExplosion.sks */,
				6B8E67EE1F4FBE8600187DBF /* starParticle.png */,
			);
			path = Sks;
			sourceTree = "<group>";
		};
		6B8E67EF1F4FBE8600187DBF /* Sound */ = {
			isa = PBXGroup;
			children = (
				6B8E67F01F4FBE8600187DBF /* bg_country.mp3 */,
				6B8E67F11F4FBE8600187DBF /* dead.wav */,
				6B8E67F21F4FBE8600187DBF /* fall.wav */,
				6B8E67F31F4FBE8600187DBF /* highScore.wav */,
				6B8E67F41F4FBE8600187DBF /* kick.wav */,
				6B8E67F51F4FBE8600187DBF /* stick_grow_loop.wav */,
				6B8E67F61F4FBE8600187DBF /* touch_mid.wav */,
				6B8E67F71F4FBE8600187DBF /* victory.wav */,
			);
			path = Sound;
			sourceTree = "<group>";
		};
		80DD483FF9C2483A5333F5F7 /* Frameworks */ = {
			isa = PBXGroup;
			children = (
				3932CCA75F023DBB1AF2E87A /* Pods_MyRedTask.framework */,
			);
			name = Frameworks;
			sourceTree = "<group>";
		};
		F92ED5A0C61DE086503DDD34 /* Pods */ = {
			isa = PBXGroup;
			children = (
				E261B0459EC10852609BDAA1 /* Pods-MyRedTask.debug.xcconfig */,
				BA2424C3D4D656E2442B97F5 /* Pods-MyRedTask.release.xcconfig */,
			);
			name = Pods;
			sourceTree = "<group>";
		};
/* End PBXGroup section */

/* Begin PBXNativeTarget section */
		6B7DFF781F4D1801002CA103 /* MyRedTask */ = {
			isa = PBXNativeTarget;
			buildConfigurationList = 6B7DFF961F4D1801002CA103 /* Build configuration list for PBXNativeTarget "MyRedTask" */;
			buildPhases = (
				CB086CD17D66239CA740398C /* [CP] Check Pods Manifest.lock */,
				6B7DFF751F4D1801002CA103 /* Sources */,
				6B7DFF761F4D1801002CA103 /* Frameworks */,
				6B7DFF771F4D1801002CA103 /* Resources */,
				6E76C6B990C89B0ECE4B19E7 /* [CP] Embed Pods Frameworks */,
				FE22C3529E253C7D902CF700 /* [CP] Copy Pods Resources */,
			);
			buildRules = (
			);
			dependencies = (
			);
			name = MyRedTask;
			productName = MyRedTask;
			productReference = 6B7DFF791F4D1801002CA103 /* MyRedTask.app */;
			productType = "com.apple.product-type.application";
		};
		6B7DFF8C1F4D1801002CA103 /* MyRedTaskUITests */ = {
			isa = PBXNativeTarget;
			buildConfigurationList = 6B7DFF991F4D1801002CA103 /* Build configuration list for PBXNativeTarget "MyRedTaskUITests" */;
			buildPhases = (
				6B7DFF891F4D1801002CA103 /* Sources */,
				6B7DFF8A1F4D1801002CA103 /* Frameworks */,
				6B7DFF8B1F4D1801002CA103 /* Resources */,
			);
			buildRules = (
			);
			dependencies = (
				6B7DFF8F1F4D1801002CA103 /* PBXTargetDependency */,
			);
			name = MyRedTaskUITests;
			productName = MyRedTaskUITests;
			productReference = 6B7DFF8D1F4D1801002CA103 /* MyRedTaskUITests.xctest */;
			productType = "com.apple.product-type.bundle.ui-testing";
		};
/* End PBXNativeTarget section */

/* Begin PBXProject section */
		6B7DFF711F4D1801002CA103 /* Project object */ = {
			isa = PBXProject;
			attributes = {
				LastSwiftUpdateCheck = 0830;
				LastUpgradeCheck = 0830;
				ORGANIZATIONNAME = "曾富田";
				TargetAttributes = {
					6B7DFF781F4D1801002CA103 = {
						CreatedOnToolsVersion = 8.3.2;
						DevelopmentTeam = WD9BF79VSR;
						ProvisioningStyle = Automatic;
					};
					6B7DFF8C1F4D1801002CA103 = {
						CreatedOnToolsVersion = 8.3.2;
						DevelopmentTeam = WD9BF79VSR;
						ProvisioningStyle = Automatic;
						TestTargetID = 6B7DFF781F4D1801002CA103;
					};
				};
			};
			buildConfigurationList = 6B7DFF741F4D1801002CA103 /* Build configuration list for PBXProject "MyRedTask" */;
			compatibilityVersion = "Xcode 3.2";
			developmentRegion = English;
			hasScannedForEncodings = 0;
			knownRegions = (
				en,
				Base,
			);
			mainGroup = 6B7DFF701F4D1801002CA103;
			productRefGroup = 6B7DFF7A1F4D1801002CA103 /* Products */;
			projectDirPath = "";
			projectRoot = "";
			targets = (
				6B7DFF781F4D1801002CA103 /* MyRedTask */,
				6B7DFF8C1F4D1801002CA103 /* MyRedTaskUITests */,
			);
		};
/* End PBXProject section */

/* Begin PBXResourcesBuildPhase section */
		6B7DFF771F4D1801002CA103 /* Resources */ = {
			isa = PBXResourcesBuildPhase;
			buildActionMask = 2147483647;
			files = (
				6B8E67FC1F4FBE8600187DBF /* stick_background.jpg in Resources */,
				6B2BF0931F4EDB18008AE662 /* HUD_success@2x.png in Resources */,
				6B8E68251F50244700187DBF /* MyMoneyTableViewCell.xib in Resources */,
				6B8E68151F5014F200187DBF /* TakeMoneyViewController.xib in Resources */,
				6B8E681B1F50167000187DBF /* MyMoneyViewController.xib in Resources */,
				6B2BF0911F4EDB18008AE662 /* HUD_info@2x.png in Resources */,
				6B8E67F91F4FBE8600187DBF /* button_retry_up.png in Resources */,
				6B8E68001F4FBE8600187DBF /* bg_country.mp3 in Resources */,
				6B8E67FF1F4FBE8600187DBF /* starParticle.png in Resources */,
				6B8E68041F4FBE8600187DBF /* kick.wav in Resources */,
				6BA510791F4D1F320054ECA6 /* IMG_0504.JPG in Resources */,
				6B8E68071F4FBE8600187DBF /* victory.wav in Resources */,
				6B8E68031F4FBE8600187DBF /* highScore.wav in Resources */,
				6BA510811F4D23F70054ECA6 /* FirstViewController.xib in Resources */,
				6B8E67FD1F4FBE8600187DBF /* Main.storyboard in Resources */,
				6B8E67FB1F4FBE8600187DBF /* human2.png in Resources */,
				6B8E67F81F4FBE8600187DBF /* button_retry_down.png in Resources */,
				6B8E68061F4FBE8600187DBF /* touch_mid.wav in Resources */,
				6B7DFF871F4D1801002CA103 /* LaunchScreen.storyboard in Resources */,
				6B2BF0941F4EDB18008AE662 /* HUD_success@3x.png in Resources */,
				6B7DFF841F4D1801002CA103 /* Assets.xcassets in Resources */,
				6B8E67FA1F4FBE8600187DBF /* human1.png in Resources */,
				6B8E68021F4FBE8600187DBF /* fall.wav in Resources */,
				6B1658C01F5409C400B5EE0C /* SettingMyAccountViewController.xib in Resources */,
				6B8E68011F4FBE8600187DBF /* dead.wav in Resources */,
				6B2BF0901F4EDB18008AE662 /* HUD_error@3x.png in Resources */,
				6B2BF0921F4EDB18008AE662 /* HUD_info@3x.png in Resources */,
				6B2BF08F1F4EDB18008AE662 /* HUD_error@2x.png in Resources */,
				6B8E67FE1F4FBE8600187DBF /* StarExplosion.sks in Resources */,
				6B1658BC1F54065C00B5EE0C /* MyAccountViewController.xib in Resources */,
				6B8E68051F4FBE8600187DBF /* stick_grow_loop.wav in Resources */,
			);
			runOnlyForDeploymentPostprocessing = 0;
		};
		6B7DFF8B1F4D1801002CA103 /* Resources */ = {
			isa = PBXResourcesBuildPhase;
			buildActionMask = 2147483647;
			files = (
			);
			runOnlyForDeploymentPostprocessing = 0;
		};
/* End PBXResourcesBuildPhase section */

/* Begin PBXShellScriptBuildPhase section */
		6E76C6B990C89B0ECE4B19E7 /* [CP] Embed Pods Frameworks */ = {
			isa = PBXShellScriptBuildPhase;
			buildActionMask = 2147483647;
			files = (
			);
			inputPaths = (
			);
			name = "[CP] Embed Pods Frameworks";
			outputPaths = (
			);
			runOnlyForDeploymentPostprocessing = 0;
			shellPath = /bin/sh;
			shellScript = "\"${SRCROOT}/Pods/Target Support Files/Pods-MyRedTask/Pods-MyRedTask-frameworks.sh\"\n";
			showEnvVarsInLog = 0;
		};
		CB086CD17D66239CA740398C /* [CP] Check Pods Manifest.lock */ = {
			isa = PBXShellScriptBuildPhase;
			buildActionMask = 2147483647;
			files = (
			);
			inputPaths = (
			);
			name = "[CP] Check Pods Manifest.lock";
			outputPaths = (
			);
			runOnlyForDeploymentPostprocessing = 0;
			shellPath = /bin/sh;
			shellScript = "diff \"${PODS_ROOT}/../Podfile.lock\" \"${PODS_ROOT}/Manifest.lock\" > /dev/null\nif [ $? != 0 ] ; then\n    # print error to STDERR\n    echo \"error: The sandbox is not in sync with the Podfile.lock. Run 'pod install' or update your CocoaPods installation.\" >&2\n    exit 1\nfi\n";
			showEnvVarsInLog = 0;
		};
		FE22C3529E253C7D902CF700 /* [CP] Copy Pods Resources */ = {
			isa = PBXShellScriptBuildPhase;
			buildActionMask = 2147483647;
			files = (
			);
			inputPaths = (
			);
			name = "[CP] Copy Pods Resources";
			outputPaths = (
			);
			runOnlyForDeploymentPostprocessing = 0;
			shellPath = /bin/sh;
			shellScript = "\"${SRCROOT}/Pods/Target Support Files/Pods-MyRedTask/Pods-MyRedTask-resources.sh\"\n";
			showEnvVarsInLog = 0;
		};
/* End PBXShellScriptBuildPhase section */

/* Begin PBXSourcesBuildPhase section */
		6B7DFF751F4D1801002CA103 /* Sources */ = {
			isa = PBXSourcesBuildPhase;
			buildActionMask = 2147483647;
			files = (
				6B8E68141F5014F200187DBF /* TakeMoneyViewController.swift in Sources */,
				6B8E680D1F4FBE9700187DBF /* GameViewController.swift in Sources */,
				6BA510801F4D23F70054ECA6 /* FirstViewController.swift in Sources */,
				6B8E681A1F50167000187DBF /* MyMoneyViewController.swift in Sources */,
				6B7DFF7F1F4D1801002CA103 /* ViewController.swift in Sources */,
				6B7DFF7D1F4D1801002CA103 /* AppDelegate.swift in Sources */,
				6B2BF0981F4EDBF9008AE662 /* NSObject+ALiHUD.m in Sources */,
				6B8E68291F5026C300187DBF /* Aplication.swift in Sources */,
				6B1658BB1F54065C00B5EE0C /* MyAccountViewController.swift in Sources */,
				6B1658B31F53EF3D00B5EE0C /* RewardInfo.m in Sources */,
				6B8E68241F50244700187DBF /* MyMoneyTableViewCell.swift in Sources */,
				6B8E68271F50251800187DBF /* MoneyModel.swift in Sources */,
				6B2BF08E1F4EDB18008AE662 /* ALiProgressHUD.m in Sources */,
				6B1658BF1F5409C400B5EE0C /* SettingMyAccountViewController.swift in Sources */,
				6B1658AD1F53C80600B5EE0C /* OCTool.m in Sources */,
				6B8E680F1F4FBE9700187DBF /* Tools.swift in Sources */,
				6B1658B41F53EF3D00B5EE0C /* UIViewController+RedPacket.m in Sources */,
				6B8E680C1F4FBE9700187DBF /* Defined.swift in Sources */,
				6B8E680E1F4FBE9700187DBF /* StickHeroGameScene.swift in Sources */,
			);
			runOnlyForDeploymentPostprocessing = 0;
		};
		6B7DFF891F4D1801002CA103 /* Sources */ = {
			isa = PBXSourcesBuildPhase;
			buildActionMask = 2147483647;
			files = (
				6B7DFF921F4D1801002CA103 /* MyRedTaskUITests.swift in Sources */,
			);
			runOnlyForDeploymentPostprocessing = 0;
		};
/* End PBXSourcesBuildPhase section */

/* Begin PBXTargetDependency section */
		6B7DFF8F1F4D1801002CA103 /* PBXTargetDependency */ = {
			isa = PBXTargetDependency;
			target = 6B7DFF781F4D1801002CA103 /* MyRedTask */;
			targetProxy = 6B7DFF8E1F4D1801002CA103 /* PBXContainerItemProxy */;
		};
/* End PBXTargetDependency section */

/* Begin PBXVariantGroup section */
		6B7DFF851F4D1801002CA103 /* LaunchScreen.storyboard */ = {
			isa = PBXVariantGroup;
			children = (
				6B7DFF861F4D1801002CA103 /* Base */,
			);
			name = LaunchScreen.storyboard;
			sourceTree = "<group>";
		};
/* End PBXVariantGroup section */

/* Begin XCBuildConfiguration section */
		6B7DFF941F4D1801002CA103 /* Debug */ = {
			isa = XCBuildConfiguration;
			buildSettings = {
				ALWAYS_SEARCH_USER_PATHS = NO;
				CLANG_ANALYZER_NONNULL = YES;
				CLANG_ANALYZER_NUMBER_OBJECT_CONVERSION = YES_AGGRESSIVE;
				CLANG_CXX_LANGUAGE_STANDARD = "gnu++0x";
				CLANG_CXX_LIBRARY = "libc++";
				CLANG_ENABLE_MODULES = YES;
				CLANG_ENABLE_OBJC_ARC = YES;
				CLANG_WARN_BOOL_CONVERSION = YES;
				CLANG_WARN_CONSTANT_CONVERSION = YES;
				CLANG_WARN_DIRECT_OBJC_ISA_USAGE = YES_ERROR;
				CLANG_WARN_DOCUMENTATION_COMMENTS = YES;
				CLANG_WARN_EMPTY_BODY = YES;
				CLANG_WARN_ENUM_CONVERSION = YES;
				CLANG_WARN_INFINITE_RECURSION = YES;
				CLANG_WARN_INT_CONVERSION = YES;
				CLANG_WARN_OBJC_ROOT_CLASS = YES_ERROR;
				CLANG_WARN_SUSPICIOUS_MOVE = YES;
				CLANG_WARN_UNREACHABLE_CODE = YES;
				CLANG_WARN__DUPLICATE_METHOD_MATCH = YES;
				"CODE_SIGN_IDENTITY[sdk=iphoneos*]" = "iPhone Developer";
				COPY_PHASE_STRIP = NO;
				DEBUG_INFORMATION_FORMAT = dwarf;
				ENABLE_STRICT_OBJC_MSGSEND = YES;
				ENABLE_TESTABILITY = YES;
				GCC_C_LANGUAGE_STANDARD = gnu99;
				GCC_DYNAMIC_NO_PIC = NO;
				GCC_NO_COMMON_BLOCKS = YES;
				GCC_OPTIMIZATION_LEVEL = 0;
				GCC_PREPROCESSOR_DEFINITIONS = (
					"DEBUG=1",
					"$(inherited)",
				);
				GCC_WARN_64_TO_32_BIT_CONVERSION = YES;
				GCC_WARN_ABOUT_RETURN_TYPE = YES_ERROR;
				GCC_WARN_UNDECLARED_SELECTOR = YES;
				GCC_WARN_UNINITIALIZED_AUTOS = YES_AGGRESSIVE;
				GCC_WARN_UNUSED_FUNCTION = YES;
				GCC_WARN_UNUSED_VARIABLE = YES;
				IPHONEOS_DEPLOYMENT_TARGET = 10.3;
				MTL_ENABLE_DEBUG_INFO = YES;
				ONLY_ACTIVE_ARCH = YES;
				SDKROOT = iphoneos;
				SWIFT_ACTIVE_COMPILATION_CONDITIONS = DEBUG;
				SWIFT_OPTIMIZATION_LEVEL = "-Onone";
			};
			name = Debug;
		};
		6B7DFF951F4D1801002CA103 /* Release */ = {
			isa = XCBuildConfiguration;
			buildSettings = {
				ALWAYS_SEARCH_USER_PATHS = NO;
				CLANG_ANALYZER_NONNULL = YES;
				CLANG_ANALYZER_NUMBER_OBJECT_CONVERSION = YES_AGGRESSIVE;
				CLANG_CXX_LANGUAGE_STANDARD = "gnu++0x";
				CLANG_CXX_LIBRARY = "libc++";
				CLANG_ENABLE_MODULES = YES;
				CLANG_ENABLE_OBJC_ARC = YES;
				CLANG_WARN_BOOL_CONVERSION = YES;
				CLANG_WARN_CONSTANT_CONVERSION = YES;
				CLANG_WARN_DIRECT_OBJC_ISA_USAGE = YES_ERROR;
				CLANG_WARN_DOCUMENTATION_COMMENTS = YES;
				CLANG_WARN_EMPTY_BODY = YES;
				CLANG_WARN_ENUM_CONVERSION = YES;
				CLANG_WARN_INFINITE_RECURSION = YES;
				CLANG_WARN_INT_CONVERSION = YES;
				CLANG_WARN_OBJC_ROOT_CLASS = YES_ERROR;
				CLANG_WARN_SUSPICIOUS_MOVE = YES;
				CLANG_WARN_UNREACHABLE_CODE = YES;
				CLANG_WARN__DUPLICATE_METHOD_MATCH = YES;
				"CODE_SIGN_IDENTITY[sdk=iphoneos*]" = "iPhone Developer";
				COPY_PHASE_STRIP = NO;
				DEBUG_INFORMATION_FORMAT = "dwarf-with-dsym";
				ENABLE_NS_ASSERTIONS = NO;
				ENABLE_STRICT_OBJC_MSGSEND = YES;
				GCC_C_LANGUAGE_STANDARD = gnu99;
				GCC_NO_COMMON_BLOCKS = YES;
				GCC_WARN_64_TO_32_BIT_CONVERSION = YES;
				GCC_WARN_ABOUT_RETURN_TYPE = YES_ERROR;
				GCC_WARN_UNDECLARED_SELECTOR = YES;
				GCC_WARN_UNINITIALIZED_AUTOS = YES_AGGRESSIVE;
				GCC_WARN_UNUSED_FUNCTION = YES;
				GCC_WARN_UNUSED_VARIABLE = YES;
				IPHONEOS_DEPLOYMENT_TARGET = 10.3;
				MTL_ENABLE_DEBUG_INFO = NO;
				SDKROOT = iphoneos;
				SWIFT_OPTIMIZATION_LEVEL = "-Owholemodule";
				VALIDATE_PRODUCT = YES;
			};
			name = Release;
		};
		6B7DFF971F4D1801002CA103 /* Debug */ = {
			isa = XCBuildConfiguration;
			baseConfigurationReference = E261B0459EC10852609BDAA1 /* Pods-MyRedTask.debug.xcconfig */;
			buildSettings = {
				ASSETCATALOG_COMPILER_APPICON_NAME = AppIcon;
				DEVELOPMENT_TEAM = WD9BF79VSR;
				INFOPLIST_FILE = MyRedTask/Info.plist;
				IPHONEOS_DEPLOYMENT_TARGET = 8.0;
				LD_RUNPATH_SEARCH_PATHS = "$(inherited) @executable_path/Frameworks";
				PRODUCT_BUNDLE_IDENTIFIER = com.anfeng.MyRedTask;
				PRODUCT_NAME = "$(TARGET_NAME)";
				SWIFT_OBJC_BRIDGING_HEADER = "$(SRCROOT)/Header.h";
				SWIFT_VERSION = 3.0;
			};
			name = Debug;
		};
		6B7DFF981F4D1801002CA103 /* Release */ = {
			isa = XCBuildConfiguration;
			baseConfigurationReference = BA2424C3D4D656E2442B97F5 /* Pods-MyRedTask.release.xcconfig */;
			buildSettings = {
				ASSETCATALOG_COMPILER_APPICON_NAME = AppIcon;
				DEVELOPMENT_TEAM = WD9BF79VSR;
				INFOPLIST_FILE = MyRedTask/Info.plist;
				IPHONEOS_DEPLOYMENT_TARGET = 8.0;
				LD_RUNPATH_SEARCH_PATHS = "$(inherited) @executable_path/Frameworks";
				PRODUCT_BUNDLE_IDENTIFIER = com.anfeng.MyRedTask;
				PRODUCT_NAME = "$(TARGET_NAME)";
				SWIFT_OBJC_BRIDGING_HEADER = "$(SRCROOT)/Header.h";
				SWIFT_VERSION = 3.0;
			};
			name = Release;
		};
		6B7DFF9A1F4D1801002CA103 /* Debug */ = {
			isa = XCBuildConfiguration;
			buildSettings = {
				ALWAYS_EMBED_SWIFT_STANDARD_LIBRARIES = YES;
				DEVELOPMENT_TEAM = WD9BF79VSR;
				INFOPLIST_FILE = MyRedTaskUITests/Info.plist;
				LD_RUNPATH_SEARCH_PATHS = "$(inherited) @executable_path/Frameworks @loader_path/Frameworks";
				PRODUCT_BUNDLE_IDENTIFIER = com.anfeng.MyRedTaskUITests;
				PRODUCT_NAME = "$(TARGET_NAME)";
				SWIFT_VERSION = 3.0;
				TEST_TARGET_NAME = MyRedTask;
			};
			name = Debug;
		};
		6B7DFF9B1F4D1801002CA103 /* Release */ = {
			isa = XCBuildConfiguration;
			buildSettings = {
				ALWAYS_EMBED_SWIFT_STANDARD_LIBRARIES = YES;
				DEVELOPMENT_TEAM = WD9BF79VSR;
				INFOPLIST_FILE = MyRedTaskUITests/Info.plist;
				LD_RUNPATH_SEARCH_PATHS = "$(inherited) @executable_path/Frameworks @loader_path/Frameworks";
				PRODUCT_BUNDLE_IDENTIFIER = com.anfeng.MyRedTaskUITests;
				PRODUCT_NAME = "$(TARGET_NAME)";
				SWIFT_VERSION = 3.0;
				TEST_TARGET_NAME = MyRedTask;
			};
			name = Release;
		};
/* End XCBuildConfiguration section */

/* Begin XCConfigurationList section */
		6B7DFF741F4D1801002CA103 /* Build configuration list for PBXProject "MyRedTask" */ = {
			isa = XCConfigurationList;
			buildConfigurations = (
				6B7DFF941F4D1801002CA103 /* Debug */,
				6B7DFF951F4D1801002CA103 /* Release */,
			);
			defaultConfigurationIsVisible = 0;
			defaultConfigurationName = Release;
		};
		6B7DFF961F4D1801002CA103 /* Build configuration list for PBXNativeTarget "MyRedTask" */ = {
			isa = XCConfigurationList;
			buildConfigurations = (
				6B7DFF971F4D1801002CA103 /* Debug */,
				6B7DFF981F4D1801002CA103 /* Release */,
			);
			defaultConfigurationIsVisible = 0;
			defaultConfigurationName = Release;
		};
		6B7DFF991F4D1801002CA103 /* Build configuration list for PBXNativeTarget "MyRedTaskUITests" */ = {
			isa = XCConfigurationList;
			buildConfigurations = (
				6B7DFF9A1F4D1801002CA103 /* Debug */,
				6B7DFF9B1F4D1801002CA103 /* Release */,
			);
			defaultConfigurationIsVisible = 0;
			defaultConfigurationName = Release;
		};
/* End XCConfigurationList section */
	};
	rootObject = 6B7DFF711F4D1801002CA103 /* Project object */;
}
